dependencies:
- name: postgresql
  repository: https://kubernetes-charts.storage.googleapis.com/
  version: 8.6.4
- name: redis
  repository: https://kubernetes-charts.storage.googleapis.com/
  version: 10.5.7
digest: sha256:ed22506aac9a4d11308c8e70956b82ea49816b0750cc83b4fa515275ec8146de
generated: "2020-04-09T18:17:55.204509004+02:00"
